
Microsoft Visual Studio Solution File, Format Version 12.00
# Visual Studio Version 17
VisualStudioVersion = 17.2.32526.322
MinimumVisualStudioVersion = 10.0.40219.1
Project("{9A19103F-16F7-4668-BE54-9A1E7A4F7556}") = "WFA_Kahveci", "WFA_Kahveci\WFA_Kahveci.csproj", "{C955BB58-62D5-4933-82C4-C8126C08C3CF}"
EndProject
Project("{9A19103F-16F7-4668-BE54-9A1E7A4F7556}") = "WFA_Kahveci.Entities", "WFA_Kahveci.Entities\WFA_Kahveci.Entities.csproj", "{BEC7E40C-6EEB-47E5-A493-4DC0A04474A8}"
EndProject
Global
	GlobalSection(SolutionConfigurationPlatforms) = preSolution
		Debug|Any CPU = Debug|Any CPU
		Release|Any CPU = Release|Any CPU
	EndGlobalSection
	GlobalSection(ProjectConfigurationPlatforms) = postSolution
		{C955BB58-62D5-4933-82C4-C8126C08C3CF}.Debug|Any CPU.ActiveCfg = Debug|Any CPU
		{C955BB58-62D5-4933-82C4-C8126C08C3CF}.Debug|Any CPU.Build.0 = Debug|Any CPU
		{C955BB58-62D5-4933-82C4-C8126C08C3CF}.Release|Any CPU.ActiveCfg = Release|Any CPU
		{C955BB58-62D5-4933-82C4-C8126C08C3CF}.Release|Any CPU.Build.0 = Release|Any CPU
		{BEC7E40C-6EEB-47E5-A493-4DC0A04474A8}.Debug|Any CPU.ActiveCfg = Debug|Any CPU
		{BEC7E40C-6EEB-47E5-A493-4DC0A04474A8}.Debug|Any CPU.Build.0 = Debug|Any CPU
		{BEC7E40C-6EEB-47E5-A493-4DC0A04474A8}.Release|Any CPU.ActiveCfg = Release|Any CPU
		{BEC7E40C-6EEB-47E5-A493-4DC0A04474A8}.Release|Any CPU.Build.0 = Release|Any CPU
	EndGlobalSection
	GlobalSection(SolutionProperties) = preSolution
		HideSolutionNode = FALSE
	EndGlobalSection
	GlobalSection(ExtensibilityGlobals) = postSolution
		SolutionGuid = {C4D2017A-C774-4166-A208-DFECE0BFF772}
	EndGlobalSection
EndGlobal
